
Microsoft Visual Studio Solution File, Format Version 12.00
# Visual Studio Version 16
VisualStudioVersion = 25.0.1706.3
MinimumVisualStudioVersion = 10.0.40219.1
Project("{FAE04EC0-301F-11D3-BF4B-00C04F79EFBC}") = "Knowledge Check 2", "Knowledge Check 2\Knowledge Check 2.csproj", "{5E0C0D17-60F9-4E7C-BD25-9E85A4B30DFE}"
EndProject
Global
	GlobalSection(SolutionConfigurationPlatforms) = preSolution
		Debug|Any CPU = Debug|Any CPU
		Release|Any CPU = Release|Any CPU
	EndGlobalSection
	GlobalSection(ProjectConfigurationPlatforms) = postSolution
		{5E0C0D17-60F9-4E7C-BD25-9E85A4B30DFE}.Debug|Any CPU.ActiveCfg = Debug|Any CPU
		{5E0C0D17-60F9-4E7C-BD25-9E85A4B30DFE}.Debug|Any CPU.Build.0 = Debug|Any CPU
		{5E0C0D17-60F9-4E7C-BD25-9E85A4B30DFE}.Release|Any CPU.ActiveCfg = Release|Any CPU
		{5E0C0D17-60F9-4E7C-BD25-9E85A4B30DFE}.Release|Any CPU.Build.0 = Release|Any CPU
	EndGlobalSection
	GlobalSection(SolutionProperties) = preSolution
		HideSolutionNode = FALSE
	EndGlobalSection
	GlobalSection(ExtensibilityGlobals) = postSolution
		SolutionGuid = {08309AA5-BEB3-405A-8263-43FD34A91F53}
	EndGlobalSection
EndGlobal
